Microsoft Visual Studio Solution File, Format Version 12.00
# Visual Studio Version 17
VisualStudioVersion = 17.11.34929.205
MinimumVisualStudioVersion = 10.0.40219.1
Project("{9A19103F-16F7-4668-BE54-9A1E7A4F7556}") = "PSCFGDataReader", "PSCFGDataReader\PSCFGDataReader.csproj", "{DD4B0B4E-3683-4BB4-90DB-8FA6BB1A47C0}"
EndProject
Global
	GlobalSection(SolutionConfigurationPlatforms) = preSolution
		Debug-libsurfacetouchOEMB1_2022_902_48_ARM64|Any CPU = Debug-libsurfacetouchOEMB1_2022_902_48_ARM64|Any CPU
		Debug-TouchPenProcessor0996_4_253_137_0_ARM64|Any CPU = Debug-TouchPenProcessor0996_4_253_137_0_ARM64|Any CPU
		Debug-TouchPenProcessor0C37_15_15_137_0_AMD64|Any CPU = Debug-TouchPenProcessor0C37_15_15_137_0_AMD64|Any CPU
		Debug-TouchPenProcessor0C38_19_14_139_0_ARM64|Any CPU = Debug-TouchPenProcessor0C38_19_14_139_0_ARM64|Any CPU
		Release-libsurfacetouchOEMB1_2022_902_48_ARM64|Any CPU = Release-libsurfacetouchOEMB1_2022_902_48_ARM64|Any CPU
		Release-TouchPenProcessor0996_4_253_137_0_ARM64|Any CPU = Release-TouchPenProcessor0996_4_253_137_0_ARM64|Any CPU
		Release-TouchPenProcessor0C37_15_15_137_0_AMD64|Any CPU = Release-TouchPenProcessor0C37_15_15_137_0_AMD64|Any CPU
		Release-TouchPenProcessor0C38_19_14_139_0_ARM64|Any CPU = Release-TouchPenProcessor0C38_19_14_139_0_ARM64|Any CPU
	EndGlobalSection
	GlobalSection(ProjectConfigurationPlatforms) = postSolution
		{DD4B0B4E-3683-4BB4-90DB-8FA6BB1A47C0}.Debug-libsurfacetouchOEMB1_2022_902_48_ARM64|Any CPU.ActiveCfg = Debug-libsurfacetouchOEMB1_2022_902_48_ARM64|Any CPU
		{DD4B0B4E-3683-4BB4-90DB-8FA6BB1A47C0}.Debug-libsurfacetouchOEMB1_2022_902_48_ARM64|Any CPU.Build.0 = Debug-libsurfacetouchOEMB1_2022_902_48_ARM64|Any CPU
		{DD4B0B4E-3683-4BB4-90DB-8FA6BB1A47C0}.Debug-TouchPenProcessor0996_4_253_137_0_ARM64|Any CPU.ActiveCfg = Debug-TouchPenProcessor0996_4_253_137_0_ARM64|Any CPU
		{DD4B0B4E-3683-4BB4-90DB-8FA6BB1A47C0}.Debug-TouchPenProcessor0996_4_253_137_0_ARM64|Any CPU.Build.0 = Debug-TouchPenProcessor0996_4_253_137_0_ARM64|Any CPU
		{DD4B0B4E-3683-4BB4-90DB-8FA6BB1A47C0}.Debug-TouchPenProcessor0C37_15_15_137_0_AMD64|Any CPU.ActiveCfg = Debug-TouchPenProcessor0C37_15_15_137_0_AMD64|Any CPU
		{DD4B0B4E-3683-4BB4-90DB-8FA6BB1A47C0}.Debug-TouchPenProcessor0C37_15_15_137_0_AMD64|Any CPU.Build.0 = Debug-TouchPenProcessor0C37_15_15_137_0_AMD64|Any CPU
		{DD4B0B4E-3683-4BB4-90DB-8FA6BB1A47C0}.Debug-TouchPenProcessor0C38_19_14_139_0_ARM64|Any CPU.ActiveCfg = Debug-TouchPenProcessor0C38_19_14_139_0_ARM64|Any CPU
		{DD4B0B4E-3683-4BB4-90DB-8FA6BB1A47C0}.Debug-TouchPenProcessor0C38_19_14_139_0_ARM64|Any CPU.Build.0 = Debug-TouchPenProcessor0C38_19_14_139_0_ARM64|Any CPU
		{DD4B0B4E-3683-4BB4-90DB-8FA6BB1A47C0}.Release-libsurfacetouchOEMB1_2022_902_48_ARM64|Any CPU.ActiveCfg = Release-libsurfacetouchOEMB1_2022_902_48_ARM64|Any CPU
		{DD4B0B4E-3683-4BB4-90DB-8FA6BB1A47C0}.Release-libsurfacetouchOEMB1_2022_902_48_ARM64|Any CPU.Build.0 = Release-libsurfacetouchOEMB1_2022_902_48_ARM64|Any CPU
		{DD4B0B4E-3683-4BB4-90DB-8FA6BB1A47C0}.Release-TouchPenProcessor0996_4_253_137_0_ARM64|Any CPU.ActiveCfg = Release-TouchPenProcessor0996_4_253_137_0_ARM64|Any CPU
		{DD4B0B4E-3683-4BB4-90DB-8FA6BB1A47C0}.Release-TouchPenProcessor0996_4_253_137_0_ARM64|Any CPU.Build.0 = Release-TouchPenProcessor0996_4_253_137_0_ARM64|Any CPU
		{DD4B0B4E-3683-4BB4-90DB-8FA6BB1A47C0}.Release-TouchPenProcessor0C37_15_15_137_0_AMD64|Any CPU.ActiveCfg = Release-TouchPenProcessor0C37_15_15_137_0_AMD64|Any CPU
		{DD4B0B4E-3683-4BB4-90DB-8FA6BB1A47C0}.Release-TouchPenProcessor0C37_15_15_137_0_AMD64|Any CPU.Build.0 = Release-TouchPenProcessor0C37_15_15_137_0_AMD64|Any CPU
		{DD4B0B4E-3683-4BB4-90DB-8FA6BB1A47C0}.Release-TouchPenProcessor0C38_19_14_139_0_ARM64|Any CPU.ActiveCfg = Release-TouchPenProcessor0C38_19_14_139_0_ARM64|Any CPU
		{DD4B0B4E-3683-4BB4-90DB-8FA6BB1A47C0}.Release-TouchPenProcessor0C38_19_14_139_0_ARM64|Any CPU.Build.0 = Release-TouchPenProcessor0C38_19_14_139_0_ARM64|Any CPU
	EndGlobalSection
	GlobalSection(SolutionProperties) = preSolution
		HideSolutionNode = FALSE
	EndGlobalSection
	GlobalSection(ExtensibilityGlobals) = postSolution
		SolutionGuid = {3F62A965-F81B-451D-A545-97143A784E63}
	EndGlobalSection
EndGlobal
